# This file was autogenerated by Stack.
# You should not edit this file by hand.
# For more information, please see the documentation at:
#   https://docs.haskellstack.org/en/stable/lock_files

packages:
- completed:
    hackage: sized-0.3.0.0@sha256:d723d3a44a0d3db7185e33d3513cf8c97625c557fcaf2241abfd8e2dbc7aa62a,1797
    pantry-tree:
      size: 452
      sha256: ed6e4cdd1a423a1b87ffcf3fa6ff0e7b0f35dcea8ff5b345897ee828487b1e32
  original:
    hackage: sized-0.3.0.0
- completed:
    hackage: equational-reasoning-0.5.1.0@sha256:a6fed89f445f74266702b1bd9bfb694b2a364a365c625ad9eb8b9dac551f2ca0,1215
    pantry-tree:
      size: 622
      sha256: 0e24df2148466dcde0ef46fd975e19957890bcafe51bc1190b4f773cdd824d19
  original:
    hackage: equational-reasoning-0.5.1.0
- completed:
    hackage: ghc-typelits-presburger-0.2.0.5@sha256:5f46bd260db08053845547202e356d6f63cc02af066a1990e39346d90cb7ea06,2217
    pantry-tree:
      size: 438
      sha256: bc2462ed1091a3e2d734e451ad6de39be33fd002eda1d4a65be96e45ac623e66
  original:
    hackage: ghc-typelits-presburger-0.2.0.5
- completed:
    hackage: type-natural-0.8.2.0@sha256:fb69402932813da1cdedb537b3f81b68740629264b71de30bd981396abebb0b1,2619
    pantry-tree:
      size: 1003
      sha256: 90f509eec4773b873b43fd7c4a37c7c4833dda3b33445734bfeaf3bb48053a56
  original:
    hackage: type-natural-0.8.2.0
snapshots:
- completed:
    size: 504771
    url: https://raw.githubusercontent.com/commercialhaskell/stackage-snapshots/master/lts/12/14.yaml
    sha256: 3cbd6c83316dd5e2bbc756dc7a2a4e31a31859c3f8b5c720efb6850b08e42649
  original: lts-12.14
